schema: '2.0'
stages:
  data_ingestion:
    cmd: python src/data/data_ingestion.py
    deps:
    - path: src//data/data_ingestion.py
      hash: md5
      md5: e3eebf4065130196120282f19304725d
      size: 2816
    params:
      params.yaml:
        data_ingestion.test_size: 0.2
    outs:
    - path: data/raw
      hash: md5
      md5: fb326d2eec197669f9638afde28356bf.dir
      size: 827973
      nfiles: 2
  data_preprocessing:
    cmd: python src/data/data_preprocessing.py
    deps:
    - path: data/raw
      hash: md5
      md5: fb326d2eec197669f9638afde28356bf.dir
      size: 827973
      nfiles: 2
    - path: src/data/data_preprocessing.py
      hash: md5
      md5: b5a4e08835d6a9f5fcb3cc801c70c0ad
      size: 4469
    outs:
    - path: data/processed
      hash: md5
      md5: dc60162c080a6661e6681cd0e24d2032.dir
      size: 542511
      nfiles: 2
  feature_engineering:
    cmd: python src/features/feature_engineering.py
    deps:
    - path: data/processed
      hash: md5
      md5: dc60162c080a6661e6681cd0e24d2032.dir
      size: 542511
      nfiles: 2
    - path: src/features/feature_engineering.py
      hash: md5
      md5: 18a315b47cacad3356df3d4d012a212a
      size: 4008
    params:
      params.yaml:
        feature_engineering.max_features: 1500
    outs:
    - path: data/features
      hash: md5
      md5: d075bb99162f1e03b29665e8324dd8b3.dir
      size: 31165916
      nfiles: 2
  model_building:
    cmd: python src/models/model_building.py
    deps:
    - path: data/features
      hash: md5
      md5: d075bb99162f1e03b29665e8324dd8b3.dir
      size: 31165916
      nfiles: 2
    - path: src/models/model_building.py
      hash: md5
      md5: 235bf8e8b25b0a537082e86d8a562c56
      size: 2909
    params:
      params.yaml:
        model_building.C: 1
        model_building.penalty: l2
        model_building.solver: liblinear
    outs:
    - path: models/model.pkl
      hash: md5
      md5: a5419ef17a28235745a21bf93953c4f4
      size: 12698
  model_evaluation:
    cmd: python src/models/model_evaluation.py
    deps:
    - path: models/model.pkl
      hash: md5
      md5: a5419ef17a28235745a21bf93953c4f4
      size: 12698
    - path: src/models/model_evaluation.py
      hash: md5
      md5: c12d0a714b260793a32b50a4925dad6c
      size: 5461
    outs:
    - path: metrics.json
      hash: md5
      md5: 13be28632a9bf9b4d72d0e92000ac591
      size: 145
  register_model:
    cmd: python src/models/register_model.py
    deps:
    - path: reports/experiment_info.json
      hash: md5
      md5: 15a6ad01e4fa17da85215b0bcbbab993
      size: 118
    - path: src/models/register_model.py
      hash: md5
      md5: eb27821f338c70200fdb263c07c5a287
      size: 2526
